// !$*UTF8*$!
{
	archiveVersion = 1;
	classes = {
	};
	objectVersion = 55;
	objects = {

/* Begin PBXBuildFile section */
		BC0050162776095600CA0583 /* Unicolor.framework in Frameworks */ = {isa = PBXBuildFile; fileRef = BC00500B2776095600CA0583 /* Unicolor.framework */; };
		BC00501B2776095600CA0583 /* UnicolorTests.swift in Sources */ = {isa = PBXBuildFile; fileRef = BC00501A2776095600CA0583 /* UnicolorTests.swift */; };
		BC005031277615FB00CA0583 /* UniColor.swift in Sources */ = {isa = PBXBuildFile; fileRef = BC005028277615FB00CA0583 /* UniColor.swift */; };
		BC005032277615FB00CA0583 /* Utilities.swift in Sources */ = {isa = PBXBuildFile; fileRef = BC005029277615FB00CA0583 /* Utilities.swift */; };
		BC005033277615FB00CA0583 /* Palette.swift in Sources */ = {isa = PBXBuildFile; fileRef = BC00502A277615FB00CA0583 /* Palette.swift */; };
		BC005034277615FB00CA0583 /* CGColor+Extras.swift in Sources */ = {isa = PBXBuildFile; fileRef = BC00502B277615FB00CA0583 /* CGColor+Extras.swift */; };
		BC005036277615FB00CA0583 /* Operators.swift in Sources */ = {isa = PBXBuildFile; fileRef = BC00502D277615FB00CA0583 /* Operators.swift */; };
/* End PBXBuildFile section */

/* Begin PBXContainerItemProxy section */
		BC0050172776095600CA0583 /* PBXContainerItemProxy */ = {
			isa = PBXContainerItemProxy;
			containerPortal = BC0050022776095600CA0583 /* Project object */;
			proxyType = 1;
			remoteGlobalIDString = BC00500A2776095600CA0583;
			remoteInfo = Unicolor;
		};
/* End PBXContainerItemProxy section */

/* Begin PBXFileReference section */
		BC00500B2776095600CA0583 /* Unicolor.framework */ = {isa = PBXFileReference; explicitFileType = wrapper.framework; includeInIndex = 0; path = Unicolor.framework; sourceTree = BUILT_PRODUCTS_DIR; };
		BC0050152776095600CA0583 /* UnicolorTests.xctest */ = {isa = PBXFileReference; explicitFileType = wrapper.cfbundle; includeInIndex = 0; path = UnicolorTests.xctest; sourceTree = BUILT_PRODUCTS_DIR; };
		BC00501A2776095600CA0583 /* UnicolorTests.swift */ = {isa = PBXFileReference; lastKnownFileType = sourcecode.swift; path = UnicolorTests.swift; sourceTree = "<group>"; };
		BC005025277615FB00CA0583 /* Package.swift */ = {isa = PBXFileReference; fileEncoding = 4; lastKnownFileType = sourcecode.swift; path = Package.swift; sourceTree = "<group>"; };
		BC005028277615FB00CA0583 /* UniColor.swift */ = {isa = PBXFileReference; fileEncoding = 4; lastKnownFileType = sourcecode.swift; path = UniColor.swift; sourceTree = "<group>"; };
		BC005029277615FB00CA0583 /* Utilities.swift */ = {isa = PBXFileReference; fileEncoding = 4; lastKnownFileType = sourcecode.swift; path = Utilities.swift; sourceTree = "<group>"; };
		BC00502A277615FB00CA0583 /* Palette.swift */ = {isa = PBXFileReference; fileEncoding = 4; lastKnownFileType = sourcecode.swift; path = Palette.swift; sourceTree = "<group>"; };
		BC00502B277615FB00CA0583 /* CGColor+Extras.swift */ = {isa = PBXFileReference; fileEncoding = 4; lastKnownFileType = sourcecode.swift; path = "CGColor+Extras.swift"; sourceTree = "<group>"; };
		BC00502D277615FB00CA0583 /* Operators.swift */ = {isa = PBXFileReference; fileEncoding = 4; lastKnownFileType = sourcecode.swift; path = Operators.swift; sourceTree = "<group>"; };
		BC00502E277615FB00CA0583 /* LICENSE */ = {isa = PBXFileReference; fileEncoding = 4; lastKnownFileType = text; path = LICENSE; sourceTree = "<group>"; };
		BC00502F277615FB00CA0583 /* README.md */ = {isa = PBXFileReference; fileEncoding = 4; lastKnownFileType = net.daringfireball.markdown; path = README.md; sourceTree = "<group>"; };
		BCDF79622799E6C20097E168 /* UniColor.podspec */ = {isa = PBXFileReference; lastKnownFileType = text; path = UniColor.podspec; sourceTree = "<group>"; };
/* End PBXFileReference section */

/* Begin PBXFrameworksBuildPhase section */
		BC0050082776095600CA0583 /* Frameworks */ = {
			isa = PBXFrameworksBuildPhase;
			buildActionMask = 2147483647;
			files = (
			);
			runOnlyForDeploymentPostprocessing = 0;
		};
		BC0050122776095600CA0583 /* Frameworks */ = {
			isa = PBXFrameworksBuildPhase;
			buildActionMask = 2147483647;
			files = (
				BC0050162776095600CA0583 /* Unicolor.framework in Frameworks */,
			);
			runOnlyForDeploymentPostprocessing = 0;
		};
/* End PBXFrameworksBuildPhase section */

/* Begin PBXGroup section */
		BC0050012776095600CA0583 = {
			isa = PBXGroup;
			children = (
				BC00502E277615FB00CA0583 /* LICENSE */,
				BCDF79622799E6C20097E168 /* UniColor.podspec */,
				BC005025277615FB00CA0583 /* Package.swift */,
				BC00502F277615FB00CA0583 /* README.md */,
				BC005026277615FB00CA0583 /* Sources */,
				BC0050192776095600CA0583 /* UnicolorTests */,
				BC00500C2776095600CA0583 /* Products */,
			);
			sourceTree = "<group>";
		};
		BC00500C2776095600CA0583 /* Products */ = {
			isa = PBXGroup;
			children = (
				BC00500B2776095600CA0583 /* Unicolor.framework */,
				BC0050152776095600CA0583 /* UnicolorTests.xctest */,
			);
			name = Products;
			sourceTree = "<group>";
		};
		BC0050192776095600CA0583 /* UnicolorTests */ = {
			isa = PBXGroup;
			children = (
				BC00501A2776095600CA0583 /* UnicolorTests.swift */,
			);
			path = UnicolorTests;
			sourceTree = "<group>";
		};
		BC005026277615FB00CA0583 /* Sources */ = {
			isa = PBXGroup;
			children = (
				BC005027277615FB00CA0583 /* UniColor */,
			);
			path = Sources;
			sourceTree = "<group>";
		};
		BC005027277615FB00CA0583 /* UniColor */ = {
			isa = PBXGroup;
			children = (
				BC005028277615FB00CA0583 /* UniColor.swift */,
				BC005029277615FB00CA0583 /* Utilities.swift */,
				BC00502A277615FB00CA0583 /* Palette.swift */,
				BC00502B277615FB00CA0583 /* CGColor+Extras.swift */,
				BC00502D277615FB00CA0583 /* Operators.swift */,
			);
			path = UniColor;
			sourceTree = "<group>";
		};
/* End PBXGroup section */

/* Begin PBXHeadersBuildPhase section */
		BC0050062776095600CA0583 /* Headers */ = {
			isa = PBXHeadersBuildPhase;
			buildActionMask = 2147483647;
			files = (
			);
			runOnlyForDeploymentPostprocessing = 0;
		};
/* End PBXHeadersBuildPhase section */

/* Begin PBXNativeTarget section */
		BC00500A2776095600CA0583 /* Unicolor */ = {
			isa = PBXNativeTarget;
			buildConfigurationList = BC00501F2776095600CA0583 /* Build configuration list for PBXNativeTarget "Unicolor" */;
			buildPhases = (
				BC0050062776095600CA0583 /* Headers */,
				BC0050072776095600CA0583 /* Sources */,
				BC0050082776095600CA0583 /* Frameworks */,
				BC0050092776095600CA0583 /* Resources */,
			);
			buildRules = (
			);
			dependencies = (
			);
			name = Unicolor;
			productName = Unicolor;
			productReference = BC00500B2776095600CA0583 /* Unicolor.framework */;
			productType = "com.apple.product-type.framework";
		};
		BC0050142776095600CA0583 /* UnicolorTests */ = {
			isa = PBXNativeTarget;
			buildConfigurationList = BC0050222776095600CA0583 /* Build configuration list for PBXNativeTarget "UnicolorTests" */;
			buildPhases = (
				BC0050112776095600CA0583 /* Sources */,
				BC0050122776095600CA0583 /* Frameworks */,
				BC0050132776095600CA0583 /* Resources */,
			);
			buildRules = (
			);
			dependencies = (
				BC0050182776095600CA0583 /* PBXTargetDependency */,
			);
			name = UnicolorTests;
			productName = UnicolorTests;
			productReference = BC0050152776095600CA0583 /* UnicolorTests.xctest */;
			productType = "com.apple.product-type.bundle.unit-test";
		};
/* End PBXNativeTarget section */

/* Begin PBXProject section */
		BC0050022776095600CA0583 /* Project object */ = {
			isa = PBXProject;
			attributes = {
				BuildIndependentTargetsInParallel = 1;
				LastSwiftUpdateCheck = 1310;
				LastUpgradeCheck = 1310;
				TargetAttributes = {
					BC00500A2776095600CA0583 = {
						CreatedOnToolsVersion = 13.1;
						LastSwiftMigration = 1310;
					};
					BC0050142776095600CA0583 = {
						CreatedOnToolsVersion = 13.1;
					};
				};
			};
			buildConfigurationList = BC0050052776095600CA0583 /* Build configuration list for PBXProject "Unicolor" */;
			compatibilityVersion = "Xcode 13.0";
			developmentRegion = en;
			hasScannedForEncodings = 0;
			knownRegions = (
				en,
				Base,
			);
			mainGroup = BC0050012776095600CA0583;
			productRefGroup = BC00500C2776095600CA0583 /* Products */;
			projectDirPath = "";
			projectRoot = "";
			targets = (
				BC00500A2776095600CA0583 /* Unicolor */,
				BC0050142776095600CA0583 /* UnicolorTests */,
			);
		};
/* End PBXProject section */

/* Begin PBXResourcesBuildPhase section */
		BC0050092776095600CA0583 /* Resources */ = {
			isa = PBXResourcesBuildPhase;
			buildActionMask = 2147483647;
			files = (
			);
			runOnlyForDeploymentPostprocessing = 0;
		};
		BC0050132776095600CA0583 /* Resources */ = {
			isa = PBXResourcesBuildPhase;
			buildActionMask = 2147483647;
			files = (
			);
			runOnlyForDeploymentPostprocessing = 0;
		};
/* End PBXResourcesBuildPhase section */

/* Begin PBXSourcesBuildPhase section */
		BC0050072776095600CA0583 /* Sources */ = {
			isa = PBXSourcesBuildPhase;
			buildActionMask = 2147483647;
			files = (
				BC005032277615FB00CA0583 /* Utilities.swift in Sources */,
				BC005031277615FB00CA0583 /* UniColor.swift in Sources */,
				BC005036277615FB00CA0583 /* Operators.swift in Sources */,
				BC005034277615FB00CA0583 /* CGColor+Extras.swift in Sources */,
				BC005033277615FB00CA0583 /* Palette.swift in Sources */,
			);
			runOnlyForDeploymentPostprocessing = 0;
		};
		BC0050112776095600CA0583 /* Sources */ = {
			isa = PBXSourcesBuildPhase;
			buildActionMask = 2147483647;
			files = (
				BC00501B2776095600CA0583 /* UnicolorTests.swift in Sources */,
			);
			runOnlyForDeploymentPostprocessing = 0;
		};
/* End PBXSourcesBuildPhase section */

/* Begin PBXTargetDependency section */
		BC0050182776095600CA0583 /* PBXTargetDependency */ = {
			isa = PBXTargetDependency;
			target = BC00500A2776095600CA0583 /* Unicolor */;
			targetProxy = BC0050172776095600CA0583 /* PBXContainerItemProxy */;
		};
/* End PBXTargetDependency section */

/* Begin XCBuildConfiguration section */
		BC00501D2776095600CA0583 /* Debug */ = {
			isa = XCBuildConfiguration;
			buildSettings = {
				ALWAYS_SEARCH_USER_PATHS = NO;
				CLANG_ANALYZER_NONNULL = YES;
				CLANG_ANALYZER_NUMBER_OBJECT_CONVERSION = YES_AGGRESSIVE;
				CLANG_CXX_LANGUAGE_STANDARD = "gnu++17";
				CLANG_CXX_LIBRARY = "libc++";
				CLANG_ENABLE_MODULES = YES;
				CLANG_ENABLE_OBJC_ARC = YES;
				CLANG_ENABLE_OBJC_WEAK = YES;
				CLANG_WARN_BLOCK_CAPTURE_AUTORELEASING = YES;
				CLANG_WARN_BOOL_CONVERSION = YES;
				CLANG_WARN_COMMA = YES;
				CLANG_WARN_CONSTANT_CONVERSION = YES;
				CLANG_WARN_DEPRECATED_OBJC_IMPLEMENTATIONS = YES;
				CLANG_WARN_DIRECT_OBJC_ISA_USAGE = YES_ERROR;
				CLANG_WARN_DOCUMENTATION_COMMENTS = YES;
				CLANG_WARN_EMPTY_BODY = YES;
				CLANG_WARN_ENUM_CONVERSION = YES;
				CLANG_WARN_INFINITE_RECURSION = YES;
				CLANG_WARN_INT_CONVERSION = YES;
				CLANG_WARN_NON_LITERAL_NULL_CONVERSION = YES;
				CLANG_WARN_OBJC_IMPLICIT_RETAIN_SELF = YES;
				CLANG_WARN_OBJC_LITERAL_CONVERSION = YES;
				CLANG_WARN_OBJC_ROOT_CLASS = YES_ERROR;
				CLANG_WARN_QUOTED_INCLUDE_IN_FRAMEWORK_HEADER = YES;
				CLANG_WARN_RANGE_LOOP_ANALYSIS = YES;
				CLANG_WARN_STRICT_PROTOTYPES = YES;
				CLANG_WARN_SUSPICIOUS_MOVE = YES;
				CLANG_WARN_UNGUARDED_AVAILABILITY = YES_AGGRESSIVE;
				CLANG_WARN_UNREACHABLE_CODE = YES;
				CLANG_WARN__DUPLICATE_METHOD_MATCH = YES;
				COPY_PHASE_STRIP = NO;
				CURRENT_PROJECT_VERSION = 1;
				DEBUG_INFORMATION_FORMAT = dwarf;
				ENABLE_STRICT_OBJC_MSGSEND = YES;
				ENABLE_TESTABILITY = YES;
				GCC_C_LANGUAGE_STANDARD = gnu11;
				GCC_DYNAMIC_NO_PIC = NO;
				GCC_NO_COMMON_BLOCKS = YES;
				GCC_OPTIMIZATION_LEVEL = 0;
				GCC_PREPROCESSOR_DEFINITIONS = (
					"DEBUG=1",
					"$(inherited)",
				);
				GCC_WARN_64_TO_32_BIT_CONVERSION = YES;
				GCC_WARN_ABOUT_RETURN_TYPE = YES_ERROR;
				GCC_WARN_UNDECLARED_SELECTOR = YES;
				GCC_WARN_UNINITIALIZED_AUTOS = YES_AGGRESSIVE;
				GCC_WARN_UNUSED_FUNCTION = YES;
				GCC_WARN_UNUSED_VARIABLE = YES;
				IPHONEOS_DEPLOYMENT_TARGET = 15.0;
				MTL_ENABLE_DEBUG_INFO = INCLUDE_SOURCE;
				MTL_FAST_MATH = YES;
				ONLY_ACTIVE_ARCH = YES;
				SDKROOT = iphoneos;
				SWIFT_ACTIVE_COMPILATION_CONDITIONS = DEBUG;
				SWIFT_OPTIMIZATION_LEVEL = "-Onone";
				VERSIONING_SYSTEM = "apple-generic";
				VERSION_INFO_PREFIX = "";
			};
			name = Debug;
		};
		BC00501E2776095600CA0583 /* Release */ = {
			isa = XCBuildConfiguration;
			buildSettings = {
				ALWAYS_SEARCH_USER_PATHS = NO;
				CLANG_ANALYZER_NONNULL = YES;
				CLANG_ANALYZER_NUMBER_OBJECT_CONVERSION = YES_AGGRESSIVE;
				CLANG_CXX_LANGUAGE_STANDARD = "gnu++17";
				CLANG_CXX_LIBRARY = "libc++";
				CLANG_ENABLE_MODULES = YES;
				CLANG_ENABLE_OBJC_ARC = YES;
				CLANG_ENABLE_OBJC_WEAK = YES;
				CLANG_WARN_BLOCK_CAPTURE_AUTORELEASING = YES;
				CLANG_WARN_BOOL_CONVERSION = YES;
				CLANG_WARN_COMMA = YES;
				CLANG_WARN_CONSTANT_CONVERSION = YES;
				CLANG_WARN_DEPRECATED_OBJC_IMPLEMENTATIONS = YES;
				CLANG_WARN_DIRECT_OBJC_ISA_USAGE = YES_ERROR;
				CLANG_WARN_DOCUMENTATION_COMMENTS = YES;
				CLANG_WARN_EMPTY_BODY = YES;
				CLANG_WARN_ENUM_CONVERSION = YES;
				CLANG_WARN_INFINITE_RECURSION = YES;
				CLANG_WARN_INT_CONVERSION = YES;
				CLANG_WARN_NON_LITERAL_NULL_CONVERSION = YES;
				CLANG_WARN_OBJC_IMPLICIT_RETAIN_SELF = YES;
				CLANG_WARN_OBJC_LITERAL_CONVERSION = YES;
				CLANG_WARN_OBJC_ROOT_CLASS = YES_ERROR;
				CLANG_WARN_QUOTED_INCLUDE_IN_FRAMEWORK_HEADER = YES;
				CLANG_WARN_RANGE_LOOP_ANALYSIS = YES;
				CLANG_WARN_STRICT_PROTOTYPES = YES;
				CLANG_WARN_SUSPICIOUS_MOVE = YES;
				CLANG_WARN_UNGUARDED_AVAILABILITY = YES_AGGRESSIVE;
				CLANG_WARN_UNREACHABLE_CODE = YES;
				CLANG_WARN__DUPLICATE_METHOD_MATCH = YES;
				COPY_PHASE_STRIP = NO;
				CURRENT_PROJECT_VERSION = 1;
				DEBUG_INFORMATION_FORMAT = "dwarf-with-dsym";
				ENABLE_NS_ASSERTIONS = NO;
				ENABLE_STRICT_OBJC_MSGSEND = YES;
				GCC_C_LANGUAGE_STANDARD = gnu11;
				GCC_NO_COMMON_BLOCKS = YES;
				GCC_WARN_64_TO_32_BIT_CONVERSION = YES;
				GCC_WARN_ABOUT_RETURN_TYPE = YES_ERROR;
				GCC_WARN_UNDECLARED_SELECTOR = YES;
				GCC_WARN_UNINITIALIZED_AUTOS = YES_AGGRESSIVE;
				GCC_WARN_UNUSED_FUNCTION = YES;
				GCC_WARN_UNUSED_VARIABLE = YES;
				IPHONEOS_DEPLOYMENT_TARGET = 15.0;
				MTL_ENABLE_DEBUG_INFO = NO;
				MTL_FAST_MATH = YES;
				SDKROOT = iphoneos;
				SWIFT_COMPILATION_MODE = wholemodule;
				SWIFT_OPTIMIZATION_LEVEL = "-O";
				VALIDATE_PRODUCT = YES;
				VERSIONING_SYSTEM = "apple-generic";
				VERSION_INFO_PREFIX = "";
			};
			name = Release;
		};
		BC0050202776095600CA0583 /* Debug */ = {
			isa = XCBuildConfiguration;
			buildSettings = {
				CLANG_ENABLE_MODULES = YES;
				CODE_SIGN_STYLE = Automatic;
				CURRENT_PROJECT_VERSION = 1;
				DEFINES_MODULE = YES;
				DEVELOPMENT_TEAM = VMXFN634RR;
				DYLIB_COMPATIBILITY_VERSION = 1;
				DYLIB_CURRENT_VERSION = 1;
				DYLIB_INSTALL_NAME_BASE = "@rpath";
				GENERATE_INFOPLIST_FILE = YES;
				INFOPLIST_KEY_NSHumanReadableCopyright = "";
				INSTALL_PATH = "$(LOCAL_LIBRARY_DIR)/Frameworks";
				LD_RUNPATH_SEARCH_PATHS = (
					"$(inherited)",
					"@executable_path/Frameworks",
					"@loader_path/Frameworks",
				);
				MARKETING_VERSION = 1.0;
				PRODUCT_BUNDLE_IDENTIFIER = com.moosefactory.Unicolor;
				PRODUCT_NAME = "$(TARGET_NAME:c99extidentifier)";
				SKIP_INSTALL = YES;
				SWIFT_EMIT_LOC_STRINGS = YES;
				SWIFT_OPTIMIZATION_LEVEL = "-Onone";
				SWIFT_VERSION = 5.0;
				TARGETED_DEVICE_FAMILY = "1,2";
			};
			name = Debug;
		};
		BC0050212776095600CA0583 /* Release */ = {
			isa = XCBuildConfiguration;
			buildSettings = {
				CLANG_ENABLE_MODULES = YES;
				CODE_SIGN_STYLE = Automatic;
				CURRENT_PROJECT_VERSION = 1;
				DEFINES_MODULE = YES;
				DEVELOPMENT_TEAM = VMXFN634RR;
				DYLIB_COMPATIBILITY_VERSION = 1;
				DYLIB_CURRENT_VERSION = 1;
				DYLIB_INSTALL_NAME_BASE = "@rpath";
				GENERATE_INFOPLIST_FILE = YES;
				INFOPLIST_KEY_NSHumanReadableCopyright = "";
				INSTALL_PATH = "$(LOCAL_LIBRARY_DIR)/Frameworks";
				LD_RUNPATH_SEARCH_PATHS = (
					"$(inherited)",
					"@executable_path/Frameworks",
					"@loader_path/Frameworks",
				);
				MARKETING_VERSION = 1.0;
				PRODUCT_BUNDLE_IDENTIFIER = com.moosefactory.Unicolor;
				PRODUCT_NAME = "$(TARGET_NAME:c99extidentifier)";
				SKIP_INSTALL = YES;
				SWIFT_EMIT_LOC_STRINGS = YES;
				SWIFT_VERSION = 5.0;
				TARGETED_DEVICE_FAMILY = "1,2";
			};
			name = Release;
		};
		BC0050232776095600CA0583 /* Debug */ = {
			isa = XCBuildConfiguration;
			buildSettings = {
				ALWAYS_EMBED_SWIFT_STANDARD_LIBRARIES = YES;
				CODE_SIGN_STYLE = Automatic;
				CURRENT_PROJECT_VERSION = 1;
				DEVELOPMENT_TEAM = VMXFN634RR;
				GENERATE_INFOPLIST_FILE = YES;
				LD_RUNPATH_SEARCH_PATHS = (
					"$(inherited)",
					"@executable_path/Frameworks",
					"@loader_path/Frameworks",
				);
				MARKETING_VERSION = 1.0;
				PRODUCT_BUNDLE_IDENTIFIER = com.moosefactory.UnicolorTests;
				PRODUCT_NAME = "$(TARGET_NAME)";
				SWIFT_EMIT_LOC_STRINGS = NO;
				SWIFT_VERSION = 5.0;
				TARGETED_DEVICE_FAMILY = "1,2";
			};
			name = Debug;
		};
		BC0050242776095600CA0583 /* Release */ = {
			isa = XCBuildConfiguration;
			buildSettings = {
				ALWAYS_EMBED_SWIFT_STANDARD_LIBRARIES = YES;
				CODE_SIGN_STYLE = Automatic;
				CURRENT_PROJECT_VERSION = 1;
				DEVELOPMENT_TEAM = VMXFN634RR;
				GENERATE_INFOPLIST_FILE = YES;
				LD_RUNPATH_SEARCH_PATHS = (
					"$(inherited)",
					"@executable_path/Frameworks",
					"@loader_path/Frameworks",
				);
				MARKETING_VERSION = 1.0;
				PRODUCT_BUNDLE_IDENTIFIER = com.moosefactory.UnicolorTests;
				PRODUCT_NAME = "$(TARGET_NAME)";
				SWIFT_EMIT_LOC_STRINGS = NO;
				SWIFT_VERSION = 5.0;
				TARGETED_DEVICE_FAMILY = "1,2";
			};
			name = Release;
		};
/* End XCBuildConfiguration section */

/* Begin XCConfigurationList section */
		BC0050052776095600CA0583 /* Build configuration list for PBXProject "Unicolor" */ = {
			isa = XCConfigurationList;
			buildConfigurations = (
				BC00501D2776095600CA0583 /* Debug */,
				BC00501E2776095600CA0583 /* Release */,
			);
			defaultConfigurationIsVisible = 0;
			defaultConfigurationName = Release;
		};
		BC00501F2776095600CA0583 /* Build configuration list for PBXNativeTarget "Unicolor" */ = {
			isa = XCConfigurationList;
			buildConfigurations = (
				BC0050202776095600CA0583 /* Debug */,
				BC0050212776095600CA0583 /* Release */,
			);
			defaultConfigurationIsVisible = 0;
			defaultConfigurationName = Release;
		};
		BC0050222776095600CA0583 /* Build configuration list for PBXNativeTarget "UnicolorTests" */ = {
			isa = XCConfigurationList;
			buildConfigurations = (
				BC0050232776095600CA0583 /* Debug */,
				BC0050242776095600CA0583 /* Release */,
			);
			defaultConfigurationIsVisible = 0;
			defaultConfigurationName = Release;
		};
/* End XCConfigurationList section */
	};
	rootObject = BC0050022776095600CA0583 /* Project object */;
}
